
Microsoft Visual Studio Solution File, Format Version 12.00
# Visual Studio Version 17
VisualStudioVersion = 17.5.33516.290
MinimumVisualStudioVersion = 10.0.40219.1
Project("{FAE04EC0-301F-11D3-BF4B-00C04F79EFBC}") = "ObserverDelegate", "ObserverDelegate\ObserverDelegate.csproj", "{1780F22F-F131-4CD5-A532-F756067CEEF0}"
EndProject
Project("{FAE04EC0-301F-11D3-BF4B-00C04F79EFBC}") = "ObserverLib", "ObserverLib\ObserverLib.csproj", "{8C887F0E-A131-4A7D-AB68-8338B42F2934}"
EndProject
Project("{FAE04EC0-301F-11D3-BF4B-00C04F79EFBC}") = "ObserverLibObserverTest", "ObserverLibObserverTest\ObserverLibObserverTest.csproj", "{BEE455F5-97BE-4C08-AAAC-6155EA8DF8D3}"
EndProject
Global
	GlobalSection(SolutionConfigurationPlatforms) = preSolution
		Debug|Any CPU = Debug|Any CPU
		Release|Any CPU = Release|Any CPU
	EndGlobalSection
	GlobalSection(ProjectConfigurationPlatforms) = postSolution
		{1780F22F-F131-4CD5-A532-F756067CEEF0}.Debug|Any CPU.ActiveCfg = Debug|Any CPU
		{1780F22F-F131-4CD5-A532-F756067CEEF0}.Debug|Any CPU.Build.0 = Debug|Any CPU
		{1780F22F-F131-4CD5-A532-F756067CEEF0}.Release|Any CPU.ActiveCfg = Release|Any CPU
		{1780F22F-F131-4CD5-A532-F756067CEEF0}.Release|Any CPU.Build.0 = Release|Any CPU
		{8C887F0E-A131-4A7D-AB68-8338B42F2934}.Debug|Any CPU.ActiveCfg = Debug|Any CPU
		{8C887F0E-A131-4A7D-AB68-8338B42F2934}.Debug|Any CPU.Build.0 = Debug|Any CPU
		{8C887F0E-A131-4A7D-AB68-8338B42F2934}.Release|Any CPU.ActiveCfg = Release|Any CPU
		{8C887F0E-A131-4A7D-AB68-8338B42F2934}.Release|Any CPU.Build.0 = Release|Any CPU
		{BEE455F5-97BE-4C08-AAAC-6155EA8DF8D3}.Debug|Any CPU.ActiveCfg = Debug|Any CPU
		{BEE455F5-97BE-4C08-AAAC-6155EA8DF8D3}.Debug|Any CPU.Build.0 = Debug|Any CPU
		{BEE455F5-97BE-4C08-AAAC-6155EA8DF8D3}.Release|Any CPU.ActiveCfg = Release|Any CPU
		{BEE455F5-97BE-4C08-AAAC-6155EA8DF8D3}.Release|Any CPU.Build.0 = Release|Any CPU
	EndGlobalSection
	GlobalSection(SolutionProperties) = preSolution
		HideSolutionNode = FALSE
	EndGlobalSection
	GlobalSection(ExtensibilityGlobals) = postSolution
		SolutionGuid = {9E36255B-DEBF-46AC-B471-167AAC640416}
	EndGlobalSection
EndGlobal
